
Microsoft Visual Studio Solution File, Format Version 12.00
# Visual Studio 2013
VisualStudioVersion = 12.0.30723.0
MinimumVisualStudioVersion = 10.0.40219.1
Project("{FAE04EC0-301F-11D3-BF4B-00C04F79EFBC}") = "DbMigrator", "DbMigrator\DbMigrator.csproj", "{28ACB760-C3ED-47CA-BDCB-97283F257C5D}"
EndProject
Project("{2150E333-8FDC-42A3-9474-1A3956D46DE8}") = "Tests", "Tests", "{1366E247-3247-4BCA-9049-A557A785866A}"
EndProject
Project("{FAE04EC0-301F-11D3-BF4B-00C04F79EFBC}") = "DbMigrator.Tests", "DbMigrator.Tests\DbMigrator.Tests.csproj", "{5F636E3B-B555-46D8-9AF2-937B3426B7EF}"
EndProject
Global
	GlobalSection(SolutionConfigurationPlatforms) = preSolution
		Debug|Any CPU = Debug|Any CPU
		Release|Any CPU = Release|Any CPU
	EndGlobalSection
	GlobalSection(ProjectConfigurationPlatforms) = postSolution
		{28ACB760-C3ED-47CA-BDCB-97283F257C5D}.Debug|Any CPU.ActiveCfg = Debug|Any CPU
		{28ACB760-C3ED-47CA-BDCB-97283F257C5D}.Debug|Any CPU.Build.0 = Debug|Any CPU
		{28ACB760-C3ED-47CA-BDCB-97283F257C5D}.Release|Any CPU.ActiveCfg = Release|Any CPU
		{28ACB760-C3ED-47CA-BDCB-97283F257C5D}.Release|Any CPU.Build.0 = Release|Any CPU
		{5F636E3B-B555-46D8-9AF2-937B3426B7EF}.Debug|Any CPU.ActiveCfg = Debug|Any CPU
		{5F636E3B-B555-46D8-9AF2-937B3426B7EF}.Debug|Any CPU.Build.0 = Debug|Any CPU
		{5F636E3B-B555-46D8-9AF2-937B3426B7EF}.Release|Any CPU.ActiveCfg = Release|Any CPU
		{5F636E3B-B555-46D8-9AF2-937B3426B7EF}.Release|Any CPU.Build.0 = Release|Any CPU
	EndGlobalSection
	GlobalSection(SolutionProperties) = preSolution
		HideSolutionNode = FALSE
	EndGlobalSection
	GlobalSection(NestedProjects) = preSolution
		{5F636E3B-B555-46D8-9AF2-937B3426B7EF} = {1366E247-3247-4BCA-9049-A557A785866A}
	EndGlobalSection
EndGlobal
